// !$*UTF8*$!
{
	archiveVersion = 1;
	classes = {
	};
	objectVersion = 56;
	objects = {

/* Begin PBXBuildFile section */
		C9FDF0702B3F1F7600E30ACC /* ConditionalModifiersDemoApp.swift in Sources */ = {isa = PBXBuildFile; fileRef = C9FDF06F2B3F1F7600E30ACC /* ConditionalModifiersDemoApp.swift */; };
		C9FDF0742B3F1F7600E30ACC /* ContentView.swift in Sources */ = {isa = PBXBuildFile; fileRef = C9FDF0732B3F1F7600E30ACC /* ContentView.swift */; };
		C9FDF0762B3F1F7700E30ACC /* Assets.xcassets in Resources */ = {isa = PBXBuildFile; fileRef = C9FDF0752B3F1F7700E30ACC /* Assets.xcassets */; };
		C9FDF07B2B3F1F7700E30ACC /* Preview Assets.xcassets in Resources */ = {isa = PBXBuildFile; fileRef = C9FDF07A2B3F1F7700E30ACC /* Preview Assets.xcassets */; };
		C9FDF0852B3F1F7700E30ACC /* ConditionalModifiersDemoTests.swift in Sources */ = {isa = PBXBuildFile; fileRef = C9FDF0842B3F1F7700E30ACC /* ConditionalModifiersDemoTests.swift */; };
		C9FDF08F2B3F1F7700E30ACC /* ConditionalModifiersDemoUITests.swift in Sources */ = {isa = PBXBuildFile; fileRef = C9FDF08E2B3F1F7700E30ACC /* ConditionalModifiersDemoUITests.swift */; };
		C9FDF0912B3F1F7700E30ACC /* ConditionalModifiersDemoUITestsLaunchTests.swift in Sources */ = {isa = PBXBuildFile; fileRef = C9FDF0902B3F1F7700E30ACC /* ConditionalModifiersDemoUITestsLaunchTests.swift */; };
/* End PBXBuildFile section */

/* Begin PBXContainerItemProxy section */
		C9FDF0812B3F1F7700E30ACC /* PBXContainerItemProxy */ = {
			isa = PBXContainerItemProxy;
			containerPortal = C9FDF0642B3F1F7600E30ACC /* Project object */;
			proxyType = 1;
			remoteGlobalIDString = C9FDF06B2B3F1F7600E30ACC;
			remoteInfo = ConditionalModifiersDemo;
		};
		C9FDF08B2B3F1F7700E30ACC /* PBXContainerItemProxy */ = {
			isa = PBXContainerItemProxy;
			containerPortal = C9FDF0642B3F1F7600E30ACC /* Project object */;
			proxyType = 1;
			remoteGlobalIDString = C9FDF06B2B3F1F7600E30ACC;
			remoteInfo = ConditionalModifiersDemo;
		};
/* End PBXContainerItemProxy section */

/* Begin PBXFileReference section */
		C9FDF06C2B3F1F7600E30ACC /* ConditionalModifiersDemo.app */ = {isa = PBXFileReference; explicitFileType = wrapper.application; includeInIndex = 0; path = ConditionalModifiersDemo.app; sourceTree = BUILT_PRODUCTS_DIR; };
		C9FDF06F2B3F1F7600E30ACC /* ConditionalModifiersDemoApp.swift */ = {isa = PBXFileReference; lastKnownFileType = sourcecode.swift; path = ConditionalModifiersDemoApp.swift; sourceTree = "<group>"; };
		C9FDF0732B3F1F7600E30ACC /* ContentView.swift */ = {isa = PBXFileReference; lastKnownFileType = sourcecode.swift; path = ContentView.swift; sourceTree = "<group>"; };
		C9FDF0752B3F1F7700E30ACC /* Assets.xcassets */ = {isa = PBXFileReference; lastKnownFileType = folder.assetcatalog; path = Assets.xcassets; sourceTree = "<group>"; };
		C9FDF0772B3F1F7700E30ACC /* Info.plist */ = {isa = PBXFileReference; lastKnownFileType = text.plist.xml; path = Info.plist; sourceTree = "<group>"; };
		C9FDF0782B3F1F7700E30ACC /* ConditionalModifiersDemo.entitlements */ = {isa = PBXFileReference; lastKnownFileType = text.plist.entitlements; path = ConditionalModifiersDemo.entitlements; sourceTree = "<group>"; };
		C9FDF07A2B3F1F7700E30ACC /* Preview Assets.xcassets */ = {isa = PBXFileReference; lastKnownFileType = folder.assetcatalog; path = "Preview Assets.xcassets"; sourceTree = "<group>"; };
		C9FDF0802B3F1F7700E30ACC /* ConditionalModifiersDemoTests.xctest */ = {isa = PBXFileReference; explicitFileType = wrapper.cfbundle; includeInIndex = 0; path = ConditionalModifiersDemoTests.xctest; sourceTree = BUILT_PRODUCTS_DIR; };
		C9FDF0842B3F1F7700E30ACC /* ConditionalModifiersDemoTests.swift */ = {isa = PBXFileReference; lastKnownFileType = sourcecode.swift; path = ConditionalModifiersDemoTests.swift; sourceTree = "<group>"; };
		C9FDF08A2B3F1F7700E30ACC /* ConditionalModifiersDemoUITests.xctest */ = {isa = PBXFileReference; explicitFileType = wrapper.cfbundle; includeInIndex = 0; path = ConditionalModifiersDemoUITests.xctest; sourceTree = BUILT_PRODUCTS_DIR; };
		C9FDF08E2B3F1F7700E30ACC /* ConditionalModifiersDemoUITests.swift */ = {isa = PBXFileReference; lastKnownFileType = sourcecode.swift; path = ConditionalModifiersDemoUITests.swift; sourceTree = "<group>"; };
		C9FDF0902B3F1F7700E30ACC /* ConditionalModifiersDemoUITestsLaunchTests.swift */ = {isa = PBXFileReference; lastKnownFileType = sourcecode.swift; path = ConditionalModifiersDemoUITestsLaunchTests.swift; sourceTree = "<group>"; };
/* End PBXFileReference section */

/* Begin PBXFrameworksBuildPhase section */
		C9FDF0692B3F1F7600E30ACC /* Frameworks */ = {
			isa = PBXFrameworksBuildPhase;
			buildActionMask = 2147483647;
			files = (
			);
			runOnlyForDeploymentPostprocessing = 0;
		};
		C9FDF07D2B3F1F7700E30ACC /* Frameworks */ = {
			isa = PBXFrameworksBuildPhase;
			buildActionMask = 2147483647;
			files = (
			);
			runOnlyForDeploymentPostprocessing = 0;
		};
		C9FDF0872B3F1F7700E30ACC /* Frameworks */ = {
			isa = PBXFrameworksBuildPhase;
			buildActionMask = 2147483647;
			files = (
			);
			runOnlyForDeploymentPostprocessing = 0;
		};
/* End PBXFrameworksBuildPhase section */

/* Begin PBXGroup section */
		C9FDF0632B3F1F7600E30ACC = {
			isa = PBXGroup;
			children = (
				C9FDF06E2B3F1F7600E30ACC /* ConditionalModifiersDemo */,
				C9FDF0832B3F1F7700E30ACC /* ConditionalModifiersDemoTests */,
				C9FDF08D2B3F1F7700E30ACC /* ConditionalModifiersDemoUITests */,
				C9FDF06D2B3F1F7600E30ACC /* Products */,
			);
			sourceTree = "<group>";
		};
		C9FDF06D2B3F1F7600E30ACC /* Products */ = {
			isa = PBXGroup;
			children = (
				C9FDF06C2B3F1F7600E30ACC /* ConditionalModifiersDemo.app */,
				C9FDF0802B3F1F7700E30ACC /* ConditionalModifiersDemoTests.xctest */,
				C9FDF08A2B3F1F7700E30ACC /* ConditionalModifiersDemoUITests.xctest */,
			);
			name = Products;
			sourceTree = "<group>";
		};
		C9FDF06E2B3F1F7600E30ACC /* ConditionalModifiersDemo */ = {
			isa = PBXGroup;
			children = (
				C9FDF06F2B3F1F7600E30ACC /* ConditionalModifiersDemoApp.swift */,
				C9FDF0732B3F1F7600E30ACC /* ContentView.swift */,
				C9FDF0752B3F1F7700E30ACC /* Assets.xcassets */,
				C9FDF0772B3F1F7700E30ACC /* Info.plist */,
				C9FDF0782B3F1F7700E30ACC /* ConditionalModifiersDemo.entitlements */,
				C9FDF0792B3F1F7700E30ACC /* Preview Content */,
			);
			path = ConditionalModifiersDemo;
			sourceTree = "<group>";
		};
		C9FDF0792B3F1F7700E30ACC /* Preview Content */ = {
			isa = PBXGroup;
			children = (
				C9FDF07A2B3F1F7700E30ACC /* Preview Assets.xcassets */,
			);
			path = "Preview Content";
			sourceTree = "<group>";
		};
		C9FDF0832B3F1F7700E30ACC /* ConditionalModifiersDemoTests */ = {
			isa = PBXGroup;
			children = (
				C9FDF0842B3F1F7700E30ACC /* ConditionalModifiersDemoTests.swift */,
			);
			path = ConditionalModifiersDemoTests;
			sourceTree = "<group>";
		};
		C9FDF08D2B3F1F7700E30ACC /* ConditionalModifiersDemoUITests */ = {
			isa = PBXGroup;
			children = (
				C9FDF08E2B3F1F7700E30ACC /* ConditionalModifiersDemoUITests.swift */,
				C9FDF0902B3F1F7700E30ACC /* ConditionalModifiersDemoUITestsLaunchTests.swift */,
			);
			path = ConditionalModifiersDemoUITests;
			sourceTree = "<group>";
		};
/* End PBXGroup section */

/* Begin PBXNativeTarget section */
		C9FDF06B2B3F1F7600E30ACC /* ConditionalModifiersDemo */ = {
			isa = PBXNativeTarget;
			buildConfigurationList = C9FDF0942B3F1F7700E30ACC /* Build configuration list for PBXNativeTarget "ConditionalModifiersDemo" */;
			buildPhases = (
				C9FDF0682B3F1F7600E30ACC /* Sources */,
				C9FDF0692B3F1F7600E30ACC /* Frameworks */,
				C9FDF06A2B3F1F7600E30ACC /* Resources */,
			);
			buildRules = (
			);
			dependencies = (
			);
			name = ConditionalModifiersDemo;
			productName = ConditionalModifiersDemo;
			productReference = C9FDF06C2B3F1F7600E30ACC /* ConditionalModifiersDemo.app */;
			productType = "com.apple.product-type.application";
		};
		C9FDF07F2B3F1F7700E30ACC /* ConditionalModifiersDemoTests */ = {
			isa = PBXNativeTarget;
			buildConfigurationList = C9FDF0972B3F1F7700E30ACC /* Build configuration list for PBXNativeTarget "ConditionalModifiersDemoTests" */;
			buildPhases = (
				C9FDF07C2B3F1F7700E30ACC /* Sources */,
				C9FDF07D2B3F1F7700E30ACC /* Frameworks */,
				C9FDF07E2B3F1F7700E30ACC /* Resources */,
			);
			buildRules = (
			);
			dependencies = (
				C9FDF0822B3F1F7700E30ACC /* PBXTargetDependency */,
			);
			name = ConditionalModifiersDemoTests;
			productName = ConditionalModifiersDemoTests;
			productReference = C9FDF0802B3F1F7700E30ACC /* ConditionalModifiersDemoTests.xctest */;
			productType = "com.apple.product-type.bundle.unit-test";
		};
		C9FDF0892B3F1F7700E30ACC /* ConditionalModifiersDemoUITests */ = {
			isa = PBXNativeTarget;
			buildConfigurationList = C9FDF09A2B3F1F7700E30ACC /* Build configuration list for PBXNativeTarget "ConditionalModifiersDemoUITests" */;
			buildPhases = (
				C9FDF0862B3F1F7700E30ACC /* Sources */,
				C9FDF0872B3F1F7700E30ACC /* Frameworks */,
				C9FDF0882B3F1F7700E30ACC /* Resources */,
			);
			buildRules = (
			);
			dependencies = (
				C9FDF08C2B3F1F7700E30ACC /* PBXTargetDependency */,
			);
			name = ConditionalModifiersDemoUITests;
			productName = ConditionalModifiersDemoUITests;
			productReference = C9FDF08A2B3F1F7700E30ACC /* ConditionalModifiersDemoUITests.xctest */;
			productType = "com.apple.product-type.bundle.ui-testing";
		};
/* End PBXNativeTarget section */

/* Begin PBXProject section */
		C9FDF0642B3F1F7600E30ACC /* Project object */ = {
			isa = PBXProject;
			attributes = {
				BuildIndependentTargetsInParallel = 1;
				LastSwiftUpdateCheck = 1510;
				LastUpgradeCheck = 1510;
				TargetAttributes = {
					C9FDF06B2B3F1F7600E30ACC = {
						CreatedOnToolsVersion = 15.1;
					};
					C9FDF07F2B3F1F7700E30ACC = {
						CreatedOnToolsVersion = 15.1;
						TestTargetID = C9FDF06B2B3F1F7600E30ACC;
					};
					C9FDF0892B3F1F7700E30ACC = {
						CreatedOnToolsVersion = 15.1;
						TestTargetID = C9FDF06B2B3F1F7600E30ACC;
					};
				};
			};
			buildConfigurationList = C9FDF0672B3F1F7600E30ACC /* Build configuration list for PBXProject "ConditionalModifiersDemo" */;
			compatibilityVersion = "Xcode 14.0";
			developmentRegion = en;
			hasScannedForEncodings = 0;
			knownRegions = (
				en,
				Base,
			);
			mainGroup = C9FDF0632B3F1F7600E30ACC;
			productRefGroup = C9FDF06D2B3F1F7600E30ACC /* Products */;
			projectDirPath = "";
			projectRoot = "";
			targets = (
				C9FDF06B2B3F1F7600E30ACC /* ConditionalModifiersDemo */,
				C9FDF07F2B3F1F7700E30ACC /* ConditionalModifiersDemoTests */,
				C9FDF0892B3F1F7700E30ACC /* ConditionalModifiersDemoUITests */,
			);
		};
/* End PBXProject section */

/* Begin PBXResourcesBuildPhase section */
		C9FDF06A2B3F1F7600E30ACC /* Resources */ = {
			isa = PBXResourcesBuildPhase;
			buildActionMask = 2147483647;
			files = (
				C9FDF07B2B3F1F7700E30ACC /* Preview Assets.xcassets in Resources */,
				C9FDF0762B3F1F7700E30ACC /* Assets.xcassets in Resources */,
			);
			runOnlyForDeploymentPostprocessing = 0;
		};
		C9FDF07E2B3F1F7700E30ACC /* Resources */ = {
			isa = PBXResourcesBuildPhase;
			buildActionMask = 2147483647;
			files = (
			);
			runOnlyForDeploymentPostprocessing = 0;
		};
		C9FDF0882B3F1F7700E30ACC /* Resources */ = {
			isa = PBXResourcesBuildPhase;
			buildActionMask = 2147483647;
			files = (
			);
			runOnlyForDeploymentPostprocessing = 0;
		};
/* End PBXResourcesBuildPhase section */

/* Begin PBXSourcesBuildPhase section */
		C9FDF0682B3F1F7600E30ACC /* Sources */ = {
			isa = PBXSourcesBuildPhase;
			buildActionMask = 2147483647;
			files = (
				C9FDF0702B3F1F7600E30ACC /* ConditionalModifiersDemoApp.swift in Sources */,
				C9FDF0742B3F1F7600E30ACC /* ContentView.swift in Sources */,
			);
			runOnlyForDeploymentPostprocessing = 0;
		};
		C9FDF07C2B3F1F7700E30ACC /* Sources */ = {
			isa = PBXSourcesBuildPhase;
			buildActionMask = 2147483647;
			files = (
				C9FDF0852B3F1F7700E30ACC /* ConditionalModifiersDemoTests.swift in Sources */,
			);
			runOnlyForDeploymentPostprocessing = 0;
		};
		C9FDF0862B3F1F7700E30ACC /* Sources */ = {
			isa = PBXSourcesBuildPhase;
			buildActionMask = 2147483647;
			files = (
				C9FDF08F2B3F1F7700E30ACC /* ConditionalModifiersDemoUITests.swift in Sources */,
				C9FDF0912B3F1F7700E30ACC /* ConditionalModifiersDemoUITestsLaunchTests.swift in Sources */,
			);
			runOnlyForDeploymentPostprocessing = 0;
		};
/* End PBXSourcesBuildPhase section */

/* Begin PBXTargetDependency section */
		C9FDF0822B3F1F7700E30ACC /* PBXTargetDependency */ = {
			isa = PBXTargetDependency;
			target = C9FDF06B2B3F1F7600E30ACC /* ConditionalModifiersDemo */;
			targetProxy = C9FDF0812B3F1F7700E30ACC /* PBXContainerItemProxy */;
		};
		C9FDF08C2B3F1F7700E30ACC /* PBXTargetDependency */ = {
			isa = PBXTargetDependency;
			target = C9FDF06B2B3F1F7600E30ACC /* ConditionalModifiersDemo */;
			targetProxy = C9FDF08B2B3F1F7700E30ACC /* PBXContainerItemProxy */;
		};
/* End PBXTargetDependency section */

/* Begin XCBuildConfiguration section */
		C9FDF0922B3F1F7700E30ACC /* Debug */ = {
			isa = XCBuildConfiguration;
			buildSettings = {
				ALWAYS_SEARCH_USER_PATHS = NO;
				ASSETCATALOG_COMPILER_GENERATE_SWIFT_ASSET_SYMBOL_EXTENSIONS = YES;
				CLANG_ANALYZER_NONNULL = YES;
				CLANG_ANALYZER_NUMBER_OBJECT_CONVERSION = YES_AGGRESSIVE;
				CLANG_CXX_LANGUAGE_STANDARD = "gnu++20";
				CLANG_ENABLE_MODULES = YES;
				CLANG_ENABLE_OBJC_ARC = YES;
				CLANG_ENABLE_OBJC_WEAK = YES;
				CLANG_WARN_BLOCK_CAPTURE_AUTORELEASING = YES;
				CLANG_WARN_BOOL_CONVERSION = YES;
				CLANG_WARN_COMMA = YES;
				CLANG_WARN_CONSTANT_CONVERSION = YES;
				CLANG_WARN_DEPRECATED_OBJC_IMPLEMENTATIONS = YES;
				CLANG_WARN_DIRECT_OBJC_ISA_USAGE = YES_ERROR;
				CLANG_WARN_DOCUMENTATION_COMMENTS = YES;
				CLANG_WARN_EMPTY_BODY = YES;
				CLANG_WARN_ENUM_CONVERSION = YES;
				CLANG_WARN_INFINITE_RECURSION = YES;
				CLANG_WARN_INT_CONVERSION = YES;
				CLANG_WARN_NON_LITERAL_NULL_CONVERSION = YES;
				CLANG_WARN_OBJC_IMPLICIT_RETAIN_SELF = YES;
				CLANG_WARN_OBJC_LITERAL_CONVERSION = YES;
				CLANG_WARN_OBJC_ROOT_CLASS = YES_ERROR;
				CLANG_WARN_QUOTED_INCLUDE_IN_FRAMEWORK_HEADER = YES;
				CLANG_WARN_RANGE_LOOP_ANALYSIS = YES;
				CLANG_WARN_STRICT_PROTOTYPES = YES;
				CLANG_WARN_SUSPICIOUS_MOVE = YES;
				CLANG_WARN_UNGUARDED_AVAILABILITY = YES_AGGRESSIVE;
				CLANG_WARN_UNREACHABLE_CODE = YES;
				CLANG_WARN__DUPLICATE_METHOD_MATCH = YES;
				COPY_PHASE_STRIP = NO;
				DEBUG_INFORMATION_FORMAT = dwarf;
				ENABLE_STRICT_OBJC_MSGSEND = YES;
				ENABLE_TESTABILITY = YES;
				ENABLE_USER_SCRIPT_SANDBOXING = YES;
				GCC_C_LANGUAGE_STANDARD = gnu17;
				GCC_DYNAMIC_NO_PIC = NO;
				GCC_NO_COMMON_BLOCKS = YES;
				GCC_OPTIMIZATION_LEVEL = 0;
				GCC_PREPROCESSOR_DEFINITIONS = (
					"DEBUG=1",
					"$(inherited)",
				);
				GCC_WARN_64_TO_32_BIT_CONVERSION = YES;
				GCC_WARN_ABOUT_RETURN_TYPE = YES_ERROR;
				GCC_WARN_UNDECLARED_SELECTOR = YES;
				GCC_WARN_UNINITIALIZED_AUTOS = YES_AGGRESSIVE;
				GCC_WARN_UNUSED_FUNCTION = YES;
				GCC_WARN_UNUSED_VARIABLE = YES;
				LOCALIZATION_PREFERS_STRING_CATALOGS = YES;
				MTL_ENABLE_DEBUG_INFO = INCLUDE_SOURCE;
				MTL_FAST_MATH = YES;
				ONLY_ACTIVE_ARCH = YES;
				SWIFT_ACTIVE_COMPILATION_CONDITIONS = "DEBUG $(inherited)";
				SWIFT_OPTIMIZATION_LEVEL = "-Onone";
			};
			name = Debug;
		};
		C9FDF0932B3F1F7700E30ACC /* Release */ = {
			isa = XCBuildConfiguration;
			buildSettings = {
				ALWAYS_SEARCH_USER_PATHS = NO;
				ASSETCATALOG_COMPILER_GENERATE_SWIFT_ASSET_SYMBOL_EXTENSIONS = YES;
				CLANG_ANALYZER_NONNULL = YES;
				CLANG_ANALYZER_NUMBER_OBJECT_CONVERSION = YES_AGGRESSIVE;
				CLANG_CXX_LANGUAGE_STANDARD = "gnu++20";
				CLANG_ENABLE_MODULES = YES;
				CLANG_ENABLE_OBJC_ARC = YES;
				CLANG_ENABLE_OBJC_WEAK = YES;
				CLANG_WARN_BLOCK_CAPTURE_AUTORELEASING = YES;
				CLANG_WARN_BOOL_CONVERSION = YES;
				CLANG_WARN_COMMA = YES;
				CLANG_WARN_CONSTANT_CONVERSION = YES;
				CLANG_WARN_DEPRECATED_OBJC_IMPLEMENTATIONS = YES;
				CLANG_WARN_DIRECT_OBJC_ISA_USAGE = YES_ERROR;
				CLANG_WARN_DOCUMENTATION_COMMENTS = YES;
				CLANG_WARN_EMPTY_BODY = YES;
				CLANG_WARN_ENUM_CONVERSION = YES;
				CLANG_WARN_INFINITE_RECURSION = YES;
				CLANG_WARN_INT_CONVERSION = YES;
				CLANG_WARN_NON_LITERAL_NULL_CONVERSION = YES;
				CLANG_WARN_OBJC_IMPLICIT_RETAIN_SELF = YES;
				CLANG_WARN_OBJC_LITERAL_CONVERSION = YES;
				CLANG_WARN_OBJC_ROOT_CLASS = YES_ERROR;
				CLANG_WARN_QUOTED_INCLUDE_IN_FRAMEWORK_HEADER = YES;
				CLANG_WARN_RANGE_LOOP_ANALYSIS = YES;
				CLANG_WARN_STRICT_PROTOTYPES = YES;
				CLANG_WARN_SUSPICIOUS_MOVE = YES;
				CLANG_WARN_UNGUARDED_AVAILABILITY = YES_AGGRESSIVE;
				CLANG_WARN_UNREACHABLE_CODE = YES;
				CLANG_WARN__DUPLICATE_METHOD_MATCH = YES;
				COPY_PHASE_STRIP = NO;
				DEBUG_INFORMATION_FORMAT = "dwarf-with-dsym";
				ENABLE_NS_ASSERTIONS = NO;
				ENABLE_STRICT_OBJC_MSGSEND = YES;
				ENABLE_USER_SCRIPT_SANDBOXING = YES;
				GCC_C_LANGUAGE_STANDARD = gnu17;
				GCC_NO_COMMON_BLOCKS = YES;
				GCC_WARN_64_TO_32_BIT_CONVERSION = YES;
				GCC_WARN_ABOUT_RETURN_TYPE = YES_ERROR;
				GCC_WARN_UNDECLARED_SELECTOR = YES;
				GCC_WARN_UNINITIALIZED_AUTOS = YES_AGGRESSIVE;
				GCC_WARN_UNUSED_FUNCTION = YES;
				GCC_WARN_UNUSED_VARIABLE = YES;
				LOCALIZATION_PREFERS_STRING_CATALOGS = YES;
				MTL_ENABLE_DEBUG_INFO = NO;
				MTL_FAST_MATH = YES;
				SWIFT_COMPILATION_MODE = wholemodule;
			};
			name = Release;
		};
		C9FDF0952B3F1F7700E30ACC /* Debug */ = {
			isa = XCBuildConfiguration;
			buildSettings = {
				ASSETCATALOG_COMPILER_APPICON_NAME = AppIcon;
				ASSETCATALOG_COMPILER_GLOBAL_ACCENT_COLOR_NAME = AccentColor;
				CODE_SIGN_ENTITLEMENTS = ConditionalModifiersDemo/ConditionalModifiersDemo.entitlements;
				CODE_SIGN_STYLE = Automatic;
				CURRENT_PROJECT_VERSION = 1;
				DEVELOPMENT_ASSET_PATHS = "\"ConditionalModifiersDemo/Preview Content\"";
				DEVELOPMENT_TEAM = LN4JU8GNV7;
				ENABLE_HARDENED_RUNTIME = YES;
				ENABLE_PREVIEWS = YES;
				GENERATE_INFOPLIST_FILE = YES;
				INFOPLIST_FILE = ConditionalModifiersDemo/Info.plist;
				"INFOPLIST_KEY_UIApplicationSceneManifest_Generation[sdk=iphoneos*]" = YES;
				"INFOPLIST_KEY_UIApplicationSceneManifest_Generation[sdk=iphonesimulator*]" = YES;
				"INFOPLIST_KEY_UIApplicationSupportsIndirectInputEvents[sdk=iphoneos*]" = YES;
				"INFOPLIST_KEY_UIApplicationSupportsIndirectInputEvents[sdk=iphonesimulator*]" = YES;
				"INFOPLIST_KEY_UILaunchScreen_Generation[sdk=iphoneos*]" = YES;
				"INFOPLIST_KEY_UILaunchScreen_Generation[sdk=iphonesimulator*]" = YES;
				"INFOPLIST_KEY_UIStatusBarStyle[sdk=iphoneos*]" = UIStatusBarStyleDefault;
				"INFOPLIST_KEY_UIStatusBarStyle[sdk=iphonesimulator*]" = UIStatusBarStyleDefault;
				INFOPLIST_KEY_UISupportedInterfaceOrientations_iPad = "UIInterfaceOrientationPortrait UIInterfaceOrientationPortraitUpsideDown UIInterfaceOrientationLandscapeLeft UIInterfaceOrientationLandscapeRight";
				INFOPLIST_KEY_UISupportedInterfaceOrientations_iPhone = "UIInterfaceOrientationPortrait UIInterfaceOrientationLandscapeLeft UIInterfaceOrientationLandscapeRight";
				"INFOPLIST_KEY_UISupportsDocumentBrowser[sdk=iphoneos*]" = YES;
				"INFOPLIST_KEY_UISupportsDocumentBrowser[sdk=iphonesimulator*]" = YES;
				IPHONEOS_DEPLOYMENT_TARGET = 17.2;
				LD_RUNPATH_SEARCH_PATHS = "@executable_path/Frameworks";
				"LD_RUNPATH_SEARCH_PATHS[sdk=macosx*]" = "@executable_path/../Frameworks";
				MACOSX_DEPLOYMENT_TARGET = 14.1;
				MARKETING_VERSION = 1.0;
				PRODUCT_BUNDLE_IDENTIFIER = com.BrianMasse.ConditionalModifiersDemo;
				PRODUCT_NAME = "$(TARGET_NAME)";
				SDKROOT = auto;
				SUPPORTED_PLATFORMS = "iphoneos iphonesimulator macosx";
				SWIFT_EMIT_LOC_STRINGS = YES;
				SWIFT_VERSION = 5.0;
				TARGETED_DEVICE_FAMILY = "1,2";
			};
			name = Debug;
		};
		C9FDF0962B3F1F7700E30ACC /* Release */ = {
			isa = XCBuildConfiguration;
			buildSettings = {
				ASSETCATALOG_COMPILER_APPICON_NAME = AppIcon;
				ASSETCATALOG_COMPILER_GLOBAL_ACCENT_COLOR_NAME = AccentColor;
				CODE_SIGN_ENTITLEMENTS = ConditionalModifiersDemo/ConditionalModifiersDemo.entitlements;
				CODE_SIGN_STYLE = Automatic;
				CURRENT_PROJECT_VERSION = 1;
				DEVELOPMENT_ASSET_PATHS = "\"ConditionalModifiersDemo/Preview Content\"";
				DEVELOPMENT_TEAM = LN4JU8GNV7;
				ENABLE_HARDENED_RUNTIME = YES;
				ENABLE_PREVIEWS = YES;
				GENERATE_INFOPLIST_FILE = YES;
				INFOPLIST_FILE = ConditionalModifiersDemo/Info.plist;
				"INFOPLIST_KEY_UIApplicationSceneManifest_Generation[sdk=iphoneos*]" = YES;
				"INFOPLIST_KEY_UIApplicationSceneManifest_Generation[sdk=iphonesimulator*]" = YES;
				"INFOPLIST_KEY_UIApplicationSupportsIndirectInputEvents[sdk=iphoneos*]" = YES;
				"INFOPLIST_KEY_UIApplicationSupportsIndirectInputEvents[sdk=iphonesimulator*]" = YES;
				"INFOPLIST_KEY_UILaunchScreen_Generation[sdk=iphoneos*]" = YES;
				"INFOPLIST_KEY_UILaunchScreen_Generation[sdk=iphonesimulator*]" = YES;
				"INFOPLIST_KEY_UIStatusBarStyle[sdk=iphoneos*]" = UIStatusBarStyleDefault;
				"INFOPLIST_KEY_UIStatusBarStyle[sdk=iphonesimulator*]" = UIStatusBarStyleDefault;
				INFOPLIST_KEY_UISupportedInterfaceOrientations_iPad = "UIInterfaceOrientationPortrait UIInterfaceOrientationPortraitUpsideDown UIInterfaceOrientationLandscapeLeft UIInterfaceOrientationLandscapeRight";
				INFOPLIST_KEY_UISupportedInterfaceOrientations_iPhone = "UIInterfaceOrientationPortrait UIInterfaceOrientationLandscapeLeft UIInterfaceOrientationLandscapeRight";
				"INFOPLIST_KEY_UISupportsDocumentBrowser[sdk=iphoneos*]" = YES;
				"INFOPLIST_KEY_UISupportsDocumentBrowser[sdk=iphonesimulator*]" = YES;
				IPHONEOS_DEPLOYMENT_TARGET = 17.2;
				LD_RUNPATH_SEARCH_PATHS = "@executable_path/Frameworks";
				"LD_RUNPATH_SEARCH_PATHS[sdk=macosx*]" = "@executable_path/../Frameworks";
				MACOSX_DEPLOYMENT_TARGET = 14.1;
				MARKETING_VERSION = 1.0;
				PRODUCT_BUNDLE_IDENTIFIER = com.BrianMasse.ConditionalModifiersDemo;
				PRODUCT_NAME = "$(TARGET_NAME)";
				SDKROOT = auto;
				SUPPORTED_PLATFORMS = "iphoneos iphonesimulator macosx";
				SWIFT_EMIT_LOC_STRINGS = YES;
				SWIFT_VERSION = 5.0;
				TARGETED_DEVICE_FAMILY = "1,2";
			};
			name = Release;
		};
		C9FDF0982B3F1F7700E30ACC /* Debug */ = {
			isa = XCBuildConfiguration;
			buildSettings = {
				ALWAYS_EMBED_SWIFT_STANDARD_LIBRARIES = YES;
				BUNDLE_LOADER = "$(TEST_HOST)";
				CODE_SIGN_STYLE = Automatic;
				CURRENT_PROJECT_VERSION = 1;
				DEVELOPMENT_TEAM = LN4JU8GNV7;
				GENERATE_INFOPLIST_FILE = YES;
				IPHONEOS_DEPLOYMENT_TARGET = 17.2;
				MACOSX_DEPLOYMENT_TARGET = 14.1;
				MARKETING_VERSION = 1.0;
				PRODUCT_BUNDLE_IDENTIFIER = com.BrianMasse.ConditionalModifiersDemoTests;
				PRODUCT_NAME = "$(TARGET_NAME)";
				SDKROOT = auto;
				SUPPORTED_PLATFORMS = "iphoneos iphonesimulator macosx";
				SWIFT_EMIT_LOC_STRINGS = NO;
				SWIFT_VERSION = 5.0;
				TARGETED_DEVICE_FAMILY = "1,2";
				TEST_HOST = "$(BUILT_PRODUCTS_DIR)/ConditionalModifiersDemo.app/$(BUNDLE_EXECUTABLE_FOLDER_PATH)/ConditionalModifiersDemo";
			};
			name = Debug;
		};
		C9FDF0992B3F1F7700E30ACC /* Release */ = {
			isa = XCBuildConfiguration;
			buildSettings = {
				ALWAYS_EMBED_SWIFT_STANDARD_LIBRARIES = YES;
				BUNDLE_LOADER = "$(TEST_HOST)";
				CODE_SIGN_STYLE = Automatic;
				CURRENT_PROJECT_VERSION = 1;
				DEVELOPMENT_TEAM = LN4JU8GNV7;
				GENERATE_INFOPLIST_FILE = YES;
				IPHONEOS_DEPLOYMENT_TARGET = 17.2;
				MACOSX_DEPLOYMENT_TARGET = 14.1;
				MARKETING_VERSION = 1.0;
				PRODUCT_BUNDLE_IDENTIFIER = com.BrianMasse.ConditionalModifiersDemoTests;
				PRODUCT_NAME = "$(TARGET_NAME)";
				SDKROOT = auto;
				SUPPORTED_PLATFORMS = "iphoneos iphonesimulator macosx";
				SWIFT_EMIT_LOC_STRINGS = NO;
				SWIFT_VERSION = 5.0;
				TARGETED_DEVICE_FAMILY = "1,2";
				TEST_HOST = "$(BUILT_PRODUCTS_DIR)/ConditionalModifiersDemo.app/$(BUNDLE_EXECUTABLE_FOLDER_PATH)/ConditionalModifiersDemo";
			};
			name = Release;
		};
		C9FDF09B2B3F1F7700E30ACC /* Debug */ = {
			isa = XCBuildConfiguration;
			buildSettings = {
				ALWAYS_EMBED_SWIFT_STANDARD_LIBRARIES = YES;
				CODE_SIGN_STYLE = Automatic;
				CURRENT_PROJECT_VERSION = 1;
				DEVELOPMENT_TEAM = LN4JU8GNV7;
				GENERATE_INFOPLIST_FILE = YES;
				IPHONEOS_DEPLOYMENT_TARGET = 17.2;
				MACOSX_DEPLOYMENT_TARGET = 14.1;
				MARKETING_VERSION = 1.0;
				PRODUCT_BUNDLE_IDENTIFIER = com.BrianMasse.ConditionalModifiersDemoUITests;
				PRODUCT_NAME = "$(TARGET_NAME)";
				SDKROOT = auto;
				SUPPORTED_PLATFORMS = "iphoneos iphonesimulator macosx";
				SWIFT_EMIT_LOC_STRINGS = NO;
				SWIFT_VERSION = 5.0;
				TARGETED_DEVICE_FAMILY = "1,2";
				TEST_TARGET_NAME = ConditionalModifiersDemo;
			};
			name = Debug;
		};
		C9FDF09C2B3F1F7700E30ACC /* Release */ = {
			isa = XCBuildConfiguration;
			buildSettings = {
				ALWAYS_EMBED_SWIFT_STANDARD_LIBRARIES = YES;
				CODE_SIGN_STYLE = Automatic;
				CURRENT_PROJECT_VERSION = 1;
				DEVELOPMENT_TEAM = LN4JU8GNV7;
				GENERATE_INFOPLIST_FILE = YES;
				IPHONEOS_DEPLOYMENT_TARGET = 17.2;
				MACOSX_DEPLOYMENT_TARGET = 14.1;
				MARKETING_VERSION = 1.0;
				PRODUCT_BUNDLE_IDENTIFIER = com.BrianMasse.ConditionalModifiersDemoUITests;
				PRODUCT_NAME = "$(TARGET_NAME)";
				SDKROOT = auto;
				SUPPORTED_PLATFORMS = "iphoneos iphonesimulator macosx";
				SWIFT_EMIT_LOC_STRINGS = NO;
				SWIFT_VERSION = 5.0;
				TARGETED_DEVICE_FAMILY = "1,2";
				TEST_TARGET_NAME = ConditionalModifiersDemo;
			};
			name = Release;
		};
/* End XCBuildConfiguration section */

/* Begin XCConfigurationList section */
		C9FDF0672B3F1F7600E30ACC /* Build configuration list for PBXProject "ConditionalModifiersDemo" */ = {
			isa = XCConfigurationList;
			buildConfigurations = (
				C9FDF0922B3F1F7700E30ACC /* Debug */,
				C9FDF0932B3F1F7700E30ACC /* Release */,
			);
			defaultConfigurationIsVisible = 0;
			defaultConfigurationName = Release;
		};
		C9FDF0942B3F1F7700E30ACC /* Build configuration list for PBXNativeTarget "ConditionalModifiersDemo" */ = {
			isa = XCConfigurationList;
			buildConfigurations = (
				C9FDF0952B3F1F7700E30ACC /* Debug */,
				C9FDF0962B3F1F7700E30ACC /* Release */,
			);
			defaultConfigurationIsVisible = 0;
			defaultConfigurationName = Release;
		};
		C9FDF0972B3F1F7700E30ACC /* Build configuration list for PBXNativeTarget "ConditionalModifiersDemoTests" */ = {
			isa = XCConfigurationList;
			buildConfigurations = (
				C9FDF0982B3F1F7700E30ACC /* Debug */,
				C9FDF0992B3F1F7700E30ACC /* Release */,
			);
			defaultConfigurationIsVisible = 0;
			defaultConfigurationName = Release;
		};
		C9FDF09A2B3F1F7700E30ACC /* Build configuration list for PBXNativeTarget "ConditionalModifiersDemoUITests" */ = {
			isa = XCConfigurationList;
			buildConfigurations = (
				C9FDF09B2B3F1F7700E30ACC /* Debug */,
				C9FDF09C2B3F1F7700E30ACC /* Release */,
			);
			defaultConfigurationIsVisible = 0;
			defaultConfigurationName = Release;
		};
/* End XCConfigurationList section */
	};
	rootObject = C9FDF0642B3F1F7600E30ACC /* Project object */;
}
